{
  "name": "fixture-npm-local-file",
  "version": "1.0.0",
  "lockfileVersion": 3,
  "requires": true,
  "packages": {
    "": {
      "name": "fixture-npm-local-file",
      "version": "1.0.0",
      "dependencies": {
        "@atlas-trust/verify-wasm": "1.15.0"
      }
    },
    "node_modules/@atlas-trust/verify-wasm": {
      "version": "1.15.0",
      "resolved": "file:atlas-trust-verify-wasm-1.15.0-web.tgz",
      "integrity": "sha512-AAAAAAAAAAAAAAAAAAAAAAAAAAAAAAAAAAAAAAAAAAAAAAAAAAAAAAAAAAAAAAAAAAAAAAAAAAAAAAAAAAAAAAAAAAAAAAAAAAAAAAAAAAAA=="
    }
  }
}
