{
  "name": "fixture-npm-caret-bad",
  "version": "1.0.0",
  "lockfileVersion": 3,
  "requires": true,
  "packages": {
    "": {
      "name": "fixture-npm-caret-bad",
      "version": "1.0.0",
      "dependencies": {
        "@atlas-trust/verify-wasm": "^1.15.0"
      }
    },
    "node_modules/@atlas-trust/verify-wasm": {
      "version": "1.15.0",
      "resolved": "https://registry.npmjs.org/@atlas-trust/verify-wasm/-/verify-wasm-1.15.0.tgz",
      "integrity": "sha512-AAAAAAAAAAAAAAAAAAAAAAAAAAAAAAAAAAAAAAAAAAAAAAAAAAAAAAAAAAAAAAAAAAAAAAAAAAAAAAAAAAAAAAAAAAAAAAAAAAAAAAAAAAAA=="
    }
  }
}
